
Microsoft Visual Studio Solution File, Format Version 12.00
# Visual Studio 14
VisualStudioVersion = 14.0.25420.1
MinimumVisualStudioVersion = 10.0.40219.1
Project("{2150E333-8FDC-42A3-9474-1A3956D46DE8}") = "Engine", "Engine", "{8E6FB81C-77FF-494F-A239-CC1ED4063FD0}"
EndProject
Project("{2150E333-8FDC-42A3-9474-1A3956D46DE8}") = "Games", "Games", "{072DE238-A6BB-42BB-987E-02C32425D610}"
EndProject
Project("{8BC9CEB8-8B4A-11D0-8D11-00A0C91BC942}") = "UE4", "Intermediate\ProjectFiles\UE4.vcxproj", "{9B994E92-0C0D-45FD-8A92-59D80987E7BB}"
EndProject
Project("{8BC9CEB8-8B4A-11D0-8D11-00A0C91BC942}") = "Demeter", "Intermediate\ProjectFiles\Demeter.vcxproj", "{42D80CB3-239E-499E-8E6C-D7E14958E424}"
EndProject
Global
	GlobalSection(SolutionConfigurationPlatforms) = preSolution
		DebugGame Editor|HTML5 = DebugGame Editor|HTML5
		DebugGame Editor|Win32 = DebugGame Editor|Win32
		DebugGame Editor|Win64 = DebugGame Editor|Win64
		DebugGame|HTML5 = DebugGame|HTML5
		DebugGame|Win32 = DebugGame|Win32
		DebugGame|Win64 = DebugGame|Win64
		Development Editor|HTML5 = Development Editor|HTML5
		Development Editor|Win32 = Development Editor|Win32
		Development Editor|Win64 = Development Editor|Win64
		Development|HTML5 = Development|HTML5
		Development|Win32 = Development|Win32
		Development|Win64 = Development|Win64
		Shipping|HTML5 = Shipping|HTML5
		Shipping|Win32 = Shipping|Win32
		Shipping|Win64 = Shipping|Win64
	EndGlobalSection
	GlobalSection(ProjectConfigurationPlatforms) = postSolution
		{9B994E92-0C0D-45FD-8A92-59D80987E7BB}.DebugGame Editor|HTML5.ActiveCfg = BuiltWithUnrealBuildTool|Win32
		{9B994E92-0C0D-45FD-8A92-59D80987E7BB}.DebugGame Editor|HTML5.Build.0 = BuiltWithUnrealBuildTool|Win32
		{9B994E92-0C0D-45FD-8A92-59D80987E7BB}.DebugGame Editor|Win32.ActiveCfg = BuiltWithUnrealBuildTool|Win32
		{9B994E92-0C0D-45FD-8A92-59D80987E7BB}.DebugGame Editor|Win32.Build.0 = BuiltWithUnrealBuildTool|Win32
		{9B994E92-0C0D-45FD-8A92-59D80987E7BB}.DebugGame Editor|Win64.ActiveCfg = BuiltWithUnrealBuildTool|Win32
		{9B994E92-0C0D-45FD-8A92-59D80987E7BB}.DebugGame Editor|Win64.Build.0 = BuiltWithUnrealBuildTool|Win32
		{9B994E92-0C0D-45FD-8A92-59D80987E7BB}.DebugGame|HTML5.ActiveCfg = BuiltWithUnrealBuildTool|Win32
		{9B994E92-0C0D-45FD-8A92-59D80987E7BB}.DebugGame|HTML5.Build.0 = BuiltWithUnrealBuildTool|Win32
		{9B994E92-0C0D-45FD-8A92-59D80987E7BB}.DebugGame|Win32.ActiveCfg = BuiltWithUnrealBuildTool|Win32
		{9B994E92-0C0D-45FD-8A92-59D80987E7BB}.DebugGame|Win32.Build.0 = BuiltWithUnrealBuildTool|Win32
		{9B994E92-0C0D-45FD-8A92-59D80987E7BB}.DebugGame|Win64.ActiveCfg = BuiltWithUnrealBuildTool|Win32
		{9B994E92-0C0D-45FD-8A92-59D80987E7BB}.DebugGame|Win64.Build.0 = BuiltWithUnrealBuildTool|Win32
		{9B994E92-0C0D-45FD-8A92-59D80987E7BB}.Development Editor|HTML5.ActiveCfg = BuiltWithUnrealBuildTool|Win32
		{9B994E92-0C0D-45FD-8A92-59D80987E7BB}.Development Editor|HTML5.Build.0 = BuiltWithUnrealBuildTool|Win32
		{9B994E92-0C0D-45FD-8A92-59D80987E7BB}.Development Editor|Win32.ActiveCfg = BuiltWithUnrealBuildTool|Win32
		{9B994E92-0C0D-45FD-8A92-59D80987E7BB}.Development Editor|Win32.Build.0 = BuiltWithUnrealBuildTool|Win32
		{9B994E92-0C0D-45FD-8A92-59D80987E7BB}.Development Editor|Win64.ActiveCfg = BuiltWithUnrealBuildTool|Win32
		{9B994E92-0C0D-45FD-8A92-59D80987E7BB}.Development Editor|Win64.Build.0 = BuiltWithUnrealBuildTool|Win32
		{9B994E92-0C0D-45FD-8A92-59D80987E7BB}.Development|HTML5.ActiveCfg = BuiltWithUnrealBuildTool|Win32
		{9B994E92-0C0D-45FD-8A92-59D80987E7BB}.Development|HTML5.Build.0 = BuiltWithUnrealBuildTool|Win32
		{9B994E92-0C0D-45FD-8A92-59D80987E7BB}.Development|Win32.ActiveCfg = BuiltWithUnrealBuildTool|Win32
		{9B994E92-0C0D-45FD-8A92-59D80987E7BB}.Development|Win32.Build.0 = BuiltWithUnrealBuildTool|Win32
		{9B994E92-0C0D-45FD-8A92-59D80987E7BB}.Development|Win64.ActiveCfg = BuiltWithUnrealBuildTool|Win32
		{9B994E92-0C0D-45FD-8A92-59D80987E7BB}.Development|Win64.Build.0 = BuiltWithUnrealBuildTool|Win32
		{9B994E92-0C0D-45FD-8A92-59D80987E7BB}.Shipping|HTML5.ActiveCfg = BuiltWithUnrealBuildTool|Win32
		{9B994E92-0C0D-45FD-8A92-59D80987E7BB}.Shipping|HTML5.Build.0 = BuiltWithUnrealBuildTool|Win32
		{9B994E92-0C0D-45FD-8A92-59D80987E7BB}.Shipping|Win32.ActiveCfg = BuiltWithUnrealBuildTool|Win32
		{9B994E92-0C0D-45FD-8A92-59D80987E7BB}.Shipping|Win32.Build.0 = BuiltWithUnrealBuildTool|Win32
		{9B994E92-0C0D-45FD-8A92-59D80987E7BB}.Shipping|Win64.ActiveCfg = BuiltWithUnrealBuildTool|Win32
		{9B994E92-0C0D-45FD-8A92-59D80987E7BB}.Shipping|Win64.Build.0 = BuiltWithUnrealBuildTool|Win32
		{42D80CB3-239E-499E-8E6C-D7E14958E424}.DebugGame Editor|HTML5.ActiveCfg = HTML5_DebugGame_Editor|Win32
		{42D80CB3-239E-499E-8E6C-D7E14958E424}.DebugGame Editor|Win32.ActiveCfg = DebugGame_Editor|Win32
		{42D80CB3-239E-499E-8E6C-D7E14958E424}.DebugGame Editor|Win64.ActiveCfg = DebugGame_Editor|x64
		{42D80CB3-239E-499E-8E6C-D7E14958E424}.DebugGame Editor|Win64.Build.0 = DebugGame_Editor|x64
		{42D80CB3-239E-499E-8E6C-D7E14958E424}.DebugGame|HTML5.ActiveCfg = HTML5_DebugGame_Game|Win32
		{42D80CB3-239E-499E-8E6C-D7E14958E424}.DebugGame|HTML5.Build.0 = HTML5_DebugGame_Game|Win32
		{42D80CB3-239E-499E-8E6C-D7E14958E424}.DebugGame|Win32.ActiveCfg = DebugGame_Game|Win32
		{42D80CB3-239E-499E-8E6C-D7E14958E424}.DebugGame|Win32.Build.0 = DebugGame_Game|Win32
		{42D80CB3-239E-499E-8E6C-D7E14958E424}.DebugGame|Win64.ActiveCfg = DebugGame_Game|x64
		{42D80CB3-239E-499E-8E6C-D7E14958E424}.DebugGame|Win64.Build.0 = DebugGame_Game|x64
		{42D80CB3-239E-499E-8E6C-D7E14958E424}.Development Editor|HTML5.ActiveCfg = HTML5_Development_Editor|Win32
		{42D80CB3-239E-499E-8E6C-D7E14958E424}.Development Editor|Win32.ActiveCfg = Development_Editor|Win32
		{42D80CB3-239E-499E-8E6C-D7E14958E424}.Development Editor|Win64.ActiveCfg = Development_Editor|x64
		{42D80CB3-239E-499E-8E6C-D7E14958E424}.Development Editor|Win64.Build.0 = Development_Editor|x64
		{42D80CB3-239E-499E-8E6C-D7E14958E424}.Development|HTML5.ActiveCfg = HTML5_Development_Game|Win32
		{42D80CB3-239E-499E-8E6C-D7E14958E424}.Development|HTML5.Build.0 = HTML5_Development_Game|Win32
		{42D80CB3-239E-499E-8E6C-D7E14958E424}.Development|Win32.ActiveCfg = Development_Game|Win32
		{42D80CB3-239E-499E-8E6C-D7E14958E424}.Development|Win32.Build.0 = Development_Game|Win32
		{42D80CB3-239E-499E-8E6C-D7E14958E424}.Development|Win64.ActiveCfg = Development_Game|x64
		{42D80CB3-239E-499E-8E6C-D7E14958E424}.Development|Win64.Build.0 = Development_Game|x64
		{42D80CB3-239E-499E-8E6C-D7E14958E424}.Shipping|HTML5.ActiveCfg = HTML5_Shipping_Game|Win32
		{42D80CB3-239E-499E-8E6C-D7E14958E424}.Shipping|HTML5.Build.0 = HTML5_Shipping_Game|Win32
		{42D80CB3-239E-499E-8E6C-D7E14958E424}.Shipping|Win32.ActiveCfg = Shipping_Game|Win32
		{42D80CB3-239E-499E-8E6C-D7E14958E424}.Shipping|Win32.Build.0 = Shipping_Game|Win32
		{42D80CB3-239E-499E-8E6C-D7E14958E424}.Shipping|Win64.ActiveCfg = Shipping_Game|x64
		{42D80CB3-239E-499E-8E6C-D7E14958E424}.Shipping|Win64.Build.0 = Shipping_Game|x64
	EndGlobalSection
	GlobalSection(SolutionProperties) = preSolution
		HideSolutionNode = FALSE
	EndGlobalSection
	GlobalSection(NestedProjects) = preSolution
		{9B994E92-0C0D-45FD-8A92-59D80987E7BB} = {8E6FB81C-77FF-494F-A239-CC1ED4063FD0}
		{42D80CB3-239E-499E-8E6C-D7E14958E424} = {072DE238-A6BB-42BB-987E-02C32425D610}
	EndGlobalSection
EndGlobal
